
Microsoft Visual Studio Solution File, Format Version 12.00
# Visual Studio Version 16
VisualStudioVersion = 16.0.30717.126
MinimumVisualStudioVersion = 10.0.40219.1
Project("{9A19103F-16F7-4668-BE54-9A1E7A4F7556}") = "GothamCares.Web", "GothamCares.Web.csproj", "{D61364E9-E92E-4558-BC16-ACD89BCED3F3}"
EndProject
Project("{9A19103F-16F7-4668-BE54-9A1E7A4F7556}") = "GothamCares.Entities", "..\GothamCares.Entities\GothamCares.Entities.csproj", "{3FD6963A-9A70-42BE-B29C-996FCFE51A1E}"
EndProject
Project("{FAE04EC0-301F-11D3-BF4B-00C04F79EFBC}") = "GothamCares.BLL", "..\GothamCares.BLL\GothamCares.BLL.csproj", "{D9FA387A-BE8E-4A17-A937-D7F925F0268C}"
EndProject
Project("{FAE04EC0-301F-11D3-BF4B-00C04F79EFBC}") = "GothamCares.DAL", "..\GothamCares.DAL\GothamCares.DAL.csproj", "{78484808-481E-4DEE-A510-AA30C4B8204C}"
EndProject
Global
	GlobalSection(SolutionConfigurationPlatforms) = preSolution
		Debug|Any CPU = Debug|Any CPU
		Release|Any CPU = Release|Any CPU
	EndGlobalSection
	GlobalSection(ProjectConfigurationPlatforms) = postSolution
		{D61364E9-E92E-4558-BC16-ACD89BCED3F3}.Debug|Any CPU.ActiveCfg = Debug|Any CPU
		{D61364E9-E92E-4558-BC16-ACD89BCED3F3}.Debug|Any CPU.Build.0 = Debug|Any CPU
		{D61364E9-E92E-4558-BC16-ACD89BCED3F3}.Release|Any CPU.ActiveCfg = Release|Any CPU
		{D61364E9-E92E-4558-BC16-ACD89BCED3F3}.Release|Any CPU.Build.0 = Release|Any CPU
		{3FD6963A-9A70-42BE-B29C-996FCFE51A1E}.Debug|Any CPU.ActiveCfg = Debug|Any CPU
		{3FD6963A-9A70-42BE-B29C-996FCFE51A1E}.Debug|Any CPU.Build.0 = Debug|Any CPU
		{3FD6963A-9A70-42BE-B29C-996FCFE51A1E}.Release|Any CPU.ActiveCfg = Release|Any CPU
		{3FD6963A-9A70-42BE-B29C-996FCFE51A1E}.Release|Any CPU.Build.0 = Release|Any CPU
		{D9FA387A-BE8E-4A17-A937-D7F925F0268C}.Debug|Any CPU.ActiveCfg = Debug|Any CPU
		{D9FA387A-BE8E-4A17-A937-D7F925F0268C}.Debug|Any CPU.Build.0 = Debug|Any CPU
		{D9FA387A-BE8E-4A17-A937-D7F925F0268C}.Release|Any CPU.ActiveCfg = Release|Any CPU
		{D9FA387A-BE8E-4A17-A937-D7F925F0268C}.Release|Any CPU.Build.0 = Release|Any CPU
		{78484808-481E-4DEE-A510-AA30C4B8204C}.Debug|Any CPU.ActiveCfg = Debug|Any CPU
		{78484808-481E-4DEE-A510-AA30C4B8204C}.Debug|Any CPU.Build.0 = Debug|Any CPU
		{78484808-481E-4DEE-A510-AA30C4B8204C}.Release|Any CPU.ActiveCfg = Release|Any CPU
		{78484808-481E-4DEE-A510-AA30C4B8204C}.Release|Any CPU.Build.0 = Release|Any CPU
	EndGlobalSection
	GlobalSection(SolutionProperties) = preSolution
		HideSolutionNode = FALSE
	EndGlobalSection
	GlobalSection(ExtensibilityGlobals) = postSolution
		SolutionGuid = {FE43FA96-E033-4CFF-BCA1-CCFC349DCDFC}
	EndGlobalSection
EndGlobal
